
Microsoft Visual Studio Solution File, Format Version 12.00
# Visual Studio Version 17
VisualStudioVersion = 17.10.34607.79
MinimumVisualStudioVersion = 10.0.40219.1
Project("{FAE04EC0-301F-11D3-BF4B-00C04F79EFBC}") = "TUIT.LMS.Resolver", "TUIT.LMS.API\TUIT.LMS.Resolver.csproj", "{47792C38-3DB3-440A-8F63-A860AB570BEE}"
EndProject
Project("{FAE04EC0-301F-11D3-BF4B-00C04F79EFBC}") = "TUIT.LMS.Resolver.Examples", "TUIT.LMS.API.Examples\TUIT.LMS.Resolver.Examples.csproj", "{F2FBDB69-8D58-4D01-8B0F-992465097BFA}"
EndProject
Global
	GlobalSection(SolutionConfigurationPlatforms) = preSolution
		Debug|Any CPU = Debug|Any CPU
		Release|Any CPU = Release|Any CPU
	EndGlobalSection
	GlobalSection(ProjectConfigurationPlatforms) = postSolution
		{47792C38-3DB3-440A-8F63-A860AB570BEE}.Debug|Any CPU.ActiveCfg = Debug|Any CPU
		{47792C38-3DB3-440A-8F63-A860AB570BEE}.Debug|Any CPU.Build.0 = Debug|Any CPU
		{47792C38-3DB3-440A-8F63-A860AB570BEE}.Release|Any CPU.ActiveCfg = Release|Any CPU
		{47792C38-3DB3-440A-8F63-A860AB570BEE}.Release|Any CPU.Build.0 = Release|Any CPU
		{F2FBDB69-8D58-4D01-8B0F-992465097BFA}.Debug|Any CPU.ActiveCfg = Debug|Any CPU
		{F2FBDB69-8D58-4D01-8B0F-992465097BFA}.Debug|Any CPU.Build.0 = Debug|Any CPU
		{F2FBDB69-8D58-4D01-8B0F-992465097BFA}.Release|Any CPU.ActiveCfg = Release|Any CPU
		{F2FBDB69-8D58-4D01-8B0F-992465097BFA}.Release|Any CPU.Build.0 = Release|Any CPU
	EndGlobalSection
	GlobalSection(SolutionProperties) = preSolution
		HideSolutionNode = FALSE
	EndGlobalSection
	GlobalSection(ExtensibilityGlobals) = postSolution
		SolutionGuid = {F4BAB89C-2A5D-4E64-AB5D-12A01FF00727}
	EndGlobalSection
EndGlobal
